
Microsoft Visual Studio Solution File, Format Version 12.00
# Visual Studio 2013
VisualStudioVersion = 12.0.21005.1
MinimumVisualStudioVersion = 10.0.40219.1
Project("{8BC9CEB8-8B4A-11D0-8D11-00A0C91BC942}") = "03CThreadLocal", "03CThreadLocal.vcxproj", "{58962EFA-8DEA-47F0-B35B-28451CD993AC}"
EndProject
Global
	GlobalSection(SolutionConfigurationPlatforms) = preSolution
		Debug|Win32 = Debug|Win32
		Release|Win32 = Release|Win32
	EndGlobalSection
	GlobalSection(ProjectConfigurationPlatforms) = postSolution
		{58962EFA-8DEA-47F0-B35B-28451CD993AC}.Debug|Win32.ActiveCfg = Debug|Win32
		{58962EFA-8DEA-47F0-B35B-28451CD993AC}.Debug|Win32.Build.0 = Debug|Win32
		{58962EFA-8DEA-47F0-B35B-28451CD993AC}.Release|Win32.ActiveCfg = Release|Win32
		{58962EFA-8DEA-47F0-B35B-28451CD993AC}.Release|Win32.Build.0 = Release|Win32
	EndGlobalSection
	GlobalSection(SolutionProperties) = preSolution
		HideSolutionNode = FALSE
	EndGlobalSection
EndGlobal
