<?xml version="1.0" encoding="utf-8"?>
<Project ToolsVersion="4.0" xmlns="http://schemas.microsoft.com/developer/msbuild/2003">
  <ItemGroup>
    <Filter Include="Source Files">
      <UniqueIdentifier>{6eaa57f8-007c-49fd-a893-e9557a242a78}</UniqueIdentifier>
      <Extensions>cpp;c;cxx;rc;def;r;odl;idl;hpj;bat</Extensions>
    </Filter>
    <Filter Include="Header Files">
      <UniqueIdentifier>{4b4c6fb0-333f-475d-a797-4c07f6da9f97}</UniqueIdentifier>
      <Extensions>h;hpp;hxx;hm;inl</Extensions>
    </Filter>
    <Filter Include="Resource Files">
      <UniqueIdentifier>{25558911-a38a-4ccb-9f13-5439d7209870}</UniqueIdentifier>
      <Extensions>ico;cur;bmp;dlg;rc2;rct;bin;rgs;gif;jpg;jpeg;jpe</Extensions>
    </Filter>
  </ItemGroup>
  <ItemGroup>
    <ClCompile Include="..\COMMON\AFXSTATE.CPP">
      <Filter>Source Files</Filter>
    </ClCompile>
    <ClCompile Include="..\COMMON\AFXTLS.CPP">
      <Filter>Source Files</Filter>
    </ClCompile>
    <ClCompile Include="..\COMMON\APPCORE.CPP">
      <Filter>Source Files</Filter>
    </ClCompile>
    <ClCompile Include="..\COMMON\APPINIT.CPP">
      <Filter>Source Files</Filter>
    </ClCompile>
    <ClCompile Include="..\COMMON\CMDTARG.CPP">
      <Filter>Source Files</Filter>
    </ClCompile>
    <ClCompile Include="..\COMMON\DUMPOUT.CPP">
      <Filter>Source Files</Filter>
    </ClCompile>
    <ClCompile Include="..\COMMON\MAP_PP.CPP">
      <Filter>Source Files</Filter>
    </ClCompile>
    <ClCompile Include="MyThread.cpp">
      <Filter>Source Files</Filter>
    </ClCompile>
    <ClCompile Include="..\COMMON\OBJCORE.CPP">
      <Filter>Source Files</Filter>
    </ClCompile>
    <ClCompile Include="..\COMMON\PLEX.CPP">
      <Filter>Source Files</Filter>
    </ClCompile>
    <ClCompile Include="..\COMMON\THRDCORE.CPP">
      <Filter>Source Files</Filter>
    </ClCompile>
    <ClCompile Include="..\COMMON\WINCORE.CPP">
      <Filter>Source Files</Filter>
    </ClCompile>
    <ClCompile Include="..\COMMON\WINMAIN.CPP">
      <Filter>Source Files</Filter>
    </ClCompile>
  </ItemGroup>
  <ItemGroup>
    <ClInclude Include="..\COMMON\_AFXWIN.H">
      <Filter>Header Files</Filter>
    </ClInclude>
    <ClInclude Include="..\COMMON\WINHAND_.H">
      <Filter>Header Files</Filter>
    </ClInclude>
  </ItemGroup>
</Project>