<?xml version="1.0" encoding="utf-8"?>
<Project ToolsVersion="4.0" xmlns="http://schemas.microsoft.com/developer/msbuild/2003">
  <ItemGroup>
    <Filter Include="Source Files">
      <UniqueIdentifier>{6b012e69-4528-47a5-9c43-68fae805308e}</UniqueIdentifier>
      <Extensions>cpp;c;cxx;rc;def;r;odl;idl;hpj;bat</Extensions>
    </Filter>
    <Filter Include="Header Files">
      <UniqueIdentifier>{3c4b90f3-c468-4d05-b5e6-c84ba9cd2955}</UniqueIdentifier>
      <Extensions>h;hpp;hxx;hm;inl</Extensions>
    </Filter>
    <Filter Include="Resource Files">
      <UniqueIdentifier>{78ed4610-ed99-4de6-ba13-b155e2da6c33}</UniqueIdentifier>
      <Extensions>ico;cur;bmp;dlg;rc2;rct;bin;rgs;gif;jpg;jpeg;jpe</Extensions>
    </Filter>
  </ItemGroup>
  <ItemGroup>
    <ClCompile Include="..\COMMON\AFXSTATE.CPP">
      <Filter>Source Files</Filter>
    </ClCompile>
    <ClCompile Include="..\COMMON\AFXTLS.CPP">
      <Filter>Source Files</Filter>
    </ClCompile>
    <ClCompile Include="..\COMMON\APPCORE.CPP">
      <Filter>Source Files</Filter>
    </ClCompile>
    <ClCompile Include="..\COMMON\APPINIT.CPP">
      <Filter>Source Files</Filter>
    </ClCompile>
    <ClCompile Include="..\COMMON\CMDTARG.CPP">
      <Filter>Source Files</Filter>
    </ClCompile>
    <ClCompile Include="..\COMMON\DUMPOUT.CPP">
      <Filter>Source Files</Filter>
    </ClCompile>
    <ClCompile Include="..\COMMON\MAP_PP.CPP">
      <Filter>Source Files</Filter>
    </ClCompile>
    <ClCompile Include="MyFinder.cpp">
      <Filter>Source Files</Filter>
    </ClCompile>
    <ClCompile Include="..\COMMON\OBJCORE.CPP">
      <Filter>Source Files</Filter>
    </ClCompile>
    <ClCompile Include="..\COMMON\PLEX.CPP">
      <Filter>Source Files</Filter>
    </ClCompile>
    <ClCompile Include="RapidFinder.cpp">
      <Filter>Source Files</Filter>
    </ClCompile>
    <ClCompile Include="..\COMMON\THRDCORE.CPP">
      <Filter>Source Files</Filter>
    </ClCompile>
    <ClCompile Include="..\COMMON\WINCORE.CPP">
      <Filter>Source Files</Filter>
    </ClCompile>
    <ClCompile Include="..\COMMON\WINMAIN.CPP">
      <Filter>Source Files</Filter>
    </ClCompile>
  </ItemGroup>
  <ItemGroup>
    <ClInclude Include="RapidFinder.h">
      <Filter>Header Files</Filter>
    </ClInclude>
    <ClInclude Include="..\COMMON\WINHAND_.H">
      <Filter>Header Files</Filter>
    </ClInclude>
  </ItemGroup>
</Project>